// !$*UTF8*$!
{
	archiveVersion = 1;
	classes = {
	};
	objectVersion = 56;
	objects = {

/* Begin PBXBuildFile section */
		560250C02A76681300B5D2C5 /* HexagonParameters.swift in Sources */ = {isa = PBXBuildFile; fileRef = 560250BF2A76681300B5D2C5 /* HexagonParameters.swift */; };
		560250C22A766B2800B5D2C5 /* BadgeBackground.swift in Sources */ = {isa = PBXBuildFile; fileRef = 560250C12A766B2800B5D2C5 /* BadgeBackground.swift */; };
		560250C42A76739200B5D2C5 /* BadgeSymbol.swift in Sources */ = {isa = PBXBuildFile; fileRef = 560250C32A76739200B5D2C5 /* BadgeSymbol.swift */; };
		560250C62A76765F00B5D2C5 /* RotatedBadgeSymbol.swift in Sources */ = {isa = PBXBuildFile; fileRef = 560250C52A76765F00B5D2C5 /* RotatedBadgeSymbol.swift */; };
		560250C82A76772200B5D2C5 /* Badge.swift in Sources */ = {isa = PBXBuildFile; fileRef = 560250C72A76772200B5D2C5 /* Badge.swift */; };
		560250CE2A78A8CA00B5D2C5 /* hikeData.json in Resources */ = {isa = PBXBuildFile; fileRef = 560250CD2A78A8CA00B5D2C5 /* hikeData.json */; };
		560250D02A78A9FB00B5D2C5 /* Hike.swift in Sources */ = {isa = PBXBuildFile; fileRef = 560250CF2A78A9FB00B5D2C5 /* Hike.swift */; };
		560250D62A78AC1000B5D2C5 /* GraphCapsule.swift in Sources */ = {isa = PBXBuildFile; fileRef = 560250D22A78AC1000B5D2C5 /* GraphCapsule.swift */; };
		560250D72A78AC1000B5D2C5 /* HikeGraph.swift in Sources */ = {isa = PBXBuildFile; fileRef = 560250D32A78AC1000B5D2C5 /* HikeGraph.swift */; };
		560250D82A78AC1000B5D2C5 /* HikeDetail.swift in Sources */ = {isa = PBXBuildFile; fileRef = 560250D42A78AC1000B5D2C5 /* HikeDetail.swift */; };
		560250D92A78AC1000B5D2C5 /* HikeView.swift in Sources */ = {isa = PBXBuildFile; fileRef = 560250D52A78AC1000B5D2C5 /* HikeView.swift */; };
		563427BB2A665D570063296C /* LandmarksApp.swift in Sources */ = {isa = PBXBuildFile; fileRef = 563427BA2A665D570063296C /* LandmarksApp.swift */; };
		563427BD2A665D570063296C /* ContentView.swift in Sources */ = {isa = PBXBuildFile; fileRef = 563427BC2A665D570063296C /* ContentView.swift */; };
		563427BF2A665D580063296C /* Assets.xcassets in Resources */ = {isa = PBXBuildFile; fileRef = 563427BE2A665D580063296C /* Assets.xcassets */; };
		563427C22A665D580063296C /* Preview Assets.xcassets in Resources */ = {isa = PBXBuildFile; fileRef = 563427C12A665D580063296C /* Preview Assets.xcassets */; };
		563427C92A6660880063296C /* CircleImage.swift in Sources */ = {isa = PBXBuildFile; fileRef = 563427C82A6660880063296C /* CircleImage.swift */; };
		563427CB2A6661390063296C /* MapView.swift in Sources */ = {isa = PBXBuildFile; fileRef = 563427CA2A6661390063296C /* MapView.swift */; };
		563427CF2A6664250063296C /* Landmark.swift in Sources */ = {isa = PBXBuildFile; fileRef = 563427CE2A6664250063296C /* Landmark.swift */; };
		563427D12A6665630063296C /* ModelData.swift in Sources */ = {isa = PBXBuildFile; fileRef = 563427D02A6665630063296C /* ModelData.swift */; };
		563427D62A6668AF0063296C /* LandmarkRow.swift in Sources */ = {isa = PBXBuildFile; fileRef = 563427D52A6668AF0063296C /* LandmarkRow.swift */; };
		563427D82A666A050063296C /* landmarkData.json in Resources */ = {isa = PBXBuildFile; fileRef = 563427D72A666A050063296C /* landmarkData.json */; };
		563427DA2A666CF10063296C /* LandmarkList.swift in Sources */ = {isa = PBXBuildFile; fileRef = 563427D92A666CF10063296C /* LandmarkList.swift */; };
		563427DC2A666E900063296C /* LandmarkDetail.swift in Sources */ = {isa = PBXBuildFile; fileRef = 563427DB2A666E900063296C /* LandmarkDetail.swift */; };
		563427DE2A667FC40063296C /* FavoriteButton.swift in Sources */ = {isa = PBXBuildFile; fileRef = 563427DD2A667FC40063296C /* FavoriteButton.swift */; };
/* End PBXBuildFile section */

/* Begin PBXFileReference section */
		560250BF2A76681300B5D2C5 /* HexagonParameters.swift */ = {isa = PBXFileReference; lastKnownFileType = sourcecode.swift; path = HexagonParameters.swift; sourceTree = "<group>"; };
		560250C12A766B2800B5D2C5 /* BadgeBackground.swift */ = {isa = PBXFileReference; lastKnownFileType = sourcecode.swift; path = BadgeBackground.swift; sourceTree = "<group>"; };
		560250C32A76739200B5D2C5 /* BadgeSymbol.swift */ = {isa = PBXFileReference; lastKnownFileType = sourcecode.swift; path = BadgeSymbol.swift; sourceTree = "<group>"; };
		560250C52A76765F00B5D2C5 /* RotatedBadgeSymbol.swift */ = {isa = PBXFileReference; lastKnownFileType = sourcecode.swift; path = RotatedBadgeSymbol.swift; sourceTree = "<group>"; };
		560250C72A76772200B5D2C5 /* Badge.swift */ = {isa = PBXFileReference; lastKnownFileType = sourcecode.swift; path = Badge.swift; sourceTree = "<group>"; };
		560250CD2A78A8CA00B5D2C5 /* hikeData.json */ = {isa = PBXFileReference; fileEncoding = 4; lastKnownFileType = text.json; name = hikeData.json; path = AnimatingViewsAndTransitions/Resources/hikeData.json; sourceTree = SOURCE_ROOT; };
		560250CF2A78A9FB00B5D2C5 /* Hike.swift */ = {isa = PBXFileReference; lastKnownFileType = sourcecode.swift; path = Hike.swift; sourceTree = "<group>"; };
		560250D22A78AC1000B5D2C5 /* GraphCapsule.swift */ = {isa = PBXFileReference; fileEncoding = 4; lastKnownFileType = sourcecode.swift; path = GraphCapsule.swift; sourceTree = "<group>"; };
		560250D32A78AC1000B5D2C5 /* HikeGraph.swift */ = {isa = PBXFileReference; fileEncoding = 4; lastKnownFileType = sourcecode.swift; path = HikeGraph.swift; sourceTree = "<group>"; };
		560250D42A78AC1000B5D2C5 /* HikeDetail.swift */ = {isa = PBXFileReference; fileEncoding = 4; lastKnownFileType = sourcecode.swift; path = HikeDetail.swift; sourceTree = "<group>"; };
		560250D52A78AC1000B5D2C5 /* HikeView.swift */ = {isa = PBXFileReference; fileEncoding = 4; lastKnownFileType = sourcecode.swift; path = HikeView.swift; sourceTree = "<group>"; };
		563427B72A665D570063296C /* Landmarks.app */ = {isa = PBXFileReference; explicitFileType = wrapper.application; includeInIndex = 0; path = Landmarks.app; sourceTree = BUILT_PRODUCTS_DIR; };
		563427BA2A665D570063296C /* LandmarksApp.swift */ = {isa = PBXFileReference; lastKnownFileType = sourcecode.swift; path = LandmarksApp.swift; sourceTree = "<group>"; };
		563427BC2A665D570063296C /* ContentView.swift */ = {isa = PBXFileReference; lastKnownFileType = sourcecode.swift; path = ContentView.swift; sourceTree = "<group>"; };
		563427BE2A665D580063296C /* Assets.xcassets */ = {isa = PBXFileReference; lastKnownFileType = folder.assetcatalog; path = Assets.xcassets; sourceTree = "<group>"; };
		563427C12A665D580063296C /* Preview Assets.xcassets */ = {isa = PBXFileReference; lastKnownFileType = folder.assetcatalog; path = "Preview Assets.xcassets"; sourceTree = "<group>"; };
		563427C82A6660880063296C /* CircleImage.swift */ = {isa = PBXFileReference; lastKnownFileType = sourcecode.swift; path = CircleImage.swift; sourceTree = "<group>"; };
		563427CA2A6661390063296C /* MapView.swift */ = {isa = PBXFileReference; lastKnownFileType = sourcecode.swift; path = MapView.swift; sourceTree = "<group>"; };
		563427CE2A6664250063296C /* Landmark.swift */ = {isa = PBXFileReference; lastKnownFileType = sourcecode.swift; path = Landmark.swift; sourceTree = "<group>"; };
		563427D02A6665630063296C /* ModelData.swift */ = {isa = PBXFileReference; lastKnownFileType = sourcecode.swift; path = ModelData.swift; sourceTree = "<group>"; };
		563427D52A6668AF0063296C /* LandmarkRow.swift */ = {isa = PBXFileReference; lastKnownFileType = sourcecode.swift; path = LandmarkRow.swift; sourceTree = "<group>"; };
		563427D72A666A050063296C /* landmarkData.json */ = {isa = PBXFileReference; fileEncoding = 4; lastKnownFileType = text.json; name = landmarkData.json; path = BuildingListsAndNavigation/Resources/landmarkData.json; sourceTree = SOURCE_ROOT; };
		563427D92A666CF10063296C /* LandmarkList.swift */ = {isa = PBXFileReference; lastKnownFileType = sourcecode.swift; path = LandmarkList.swift; sourceTree = "<group>"; };
		563427DB2A666E900063296C /* LandmarkDetail.swift */ = {isa = PBXFileReference; lastKnownFileType = sourcecode.swift; path = LandmarkDetail.swift; sourceTree = "<group>"; };
		563427DD2A667FC40063296C /* FavoriteButton.swift */ = {isa = PBXFileReference; lastKnownFileType = sourcecode.swift; path = FavoriteButton.swift; sourceTree = "<group>"; };
/* End PBXFileReference section */

/* Begin PBXFrameworksBuildPhase section */
		563427B42A665D570063296C /* Frameworks */ = {
			isa = PBXFrameworksBuildPhase;
			buildActionMask = 2147483647;
			files = (
			);
			runOnlyForDeploymentPostprocessing = 0;
		};
/* End PBXFrameworksBuildPhase section */

/* Begin PBXGroup section */
		560250C92A76791500B5D2C5 /* Badges */ = {
			isa = PBXGroup;
			children = (
				560250BF2A76681300B5D2C5 /* HexagonParameters.swift */,
				560250C12A766B2800B5D2C5 /* BadgeBackground.swift */,
				560250C32A76739200B5D2C5 /* BadgeSymbol.swift */,
				560250C52A76765F00B5D2C5 /* RotatedBadgeSymbol.swift */,
				560250C72A76772200B5D2C5 /* Badge.swift */,
			);
			path = Badges;
			sourceTree = "<group>";
		};
		560250D12A78AC1000B5D2C5 /* Hikes */ = {
			isa = PBXGroup;
			children = (
				560250D22A78AC1000B5D2C5 /* GraphCapsule.swift */,
				560250D32A78AC1000B5D2C5 /* HikeGraph.swift */,
				560250D42A78AC1000B5D2C5 /* HikeDetail.swift */,
				560250D52A78AC1000B5D2C5 /* HikeView.swift */,
			);
			name = Hikes;
			path = AnimatingViewsAndTransitions/Resources/Hikes;
			sourceTree = SOURCE_ROOT;
		};
		563427AE2A665D570063296C = {
			isa = PBXGroup;
			children = (
				563427B92A665D570063296C /* Landmarks */,
				563427B82A665D570063296C /* Products */,
			);
			sourceTree = "<group>";
		};
		563427B82A665D570063296C /* Products */ = {
			isa = PBXGroup;
			children = (
				563427B72A665D570063296C /* Landmarks.app */,
			);
			name = Products;
			sourceTree = "<group>";
		};
		563427B92A665D570063296C /* Landmarks */ = {
			isa = PBXGroup;
			children = (
				563427BA2A665D570063296C /* LandmarksApp.swift */,
				563427D22A66662C0063296C /* Views */,
				563427D32A6666480063296C /* Models */,
				563427D42A6666590063296C /* Resources */,
				563427BE2A665D580063296C /* Assets.xcassets */,
				563427C02A665D580063296C /* Preview Content */,
			);
			path = Landmarks;
			sourceTree = "<group>";
		};
		563427C02A665D580063296C /* Preview Content */ = {
			isa = PBXGroup;
			children = (
				563427C12A665D580063296C /* Preview Assets.xcassets */,
				563427D72A666A050063296C /* landmarkData.json */,
			);
			path = "Preview Content";
			sourceTree = "<group>";
		};
		563427D22A66662C0063296C /* Views */ = {
			isa = PBXGroup;
			children = (
				563427BC2A665D570063296C /* ContentView.swift */,
				560250D12A78AC1000B5D2C5 /* Hikes */,
				563427DF2A6680E50063296C /* Landmarks */,
				563427E02A6680F70063296C /* Helpers */,
				560250C92A76791500B5D2C5 /* Badges */,
			);
			path = Views;
			sourceTree = "<group>";
		};
		563427D32A6666480063296C /* Models */ = {
			isa = PBXGroup;
			children = (
				560250CF2A78A9FB00B5D2C5 /* Hike.swift */,
				563427CE2A6664250063296C /* Landmark.swift */,
				563427D02A6665630063296C /* ModelData.swift */,
			);
			path = Models;
			sourceTree = "<group>";
		};
		563427D42A6666590063296C /* Resources */ = {
			isa = PBXGroup;
			children = (
				560250CD2A78A8CA00B5D2C5 /* hikeData.json */,
			);
			path = Resources;
			sourceTree = "<group>";
		};
		563427DF2A6680E50063296C /* Landmarks */ = {
			isa = PBXGroup;
			children = (
				563427D52A6668AF0063296C /* LandmarkRow.swift */,
				563427D92A666CF10063296C /* LandmarkList.swift */,
				563427DB2A666E900063296C /* LandmarkDetail.swift */,
			);
			path = Landmarks;
			sourceTree = "<group>";
		};
		563427E02A6680F70063296C /* Helpers */ = {
			isa = PBXGroup;
			children = (
				563427C82A6660880063296C /* CircleImage.swift */,
				563427CA2A6661390063296C /* MapView.swift */,
				563427DD2A667FC40063296C /* FavoriteButton.swift */,
			);
			path = Helpers;
			sourceTree = "<group>";
		};
/* End PBXGroup section */

/* Begin PBXNativeTarget section */
		563427B62A665D570063296C /* Landmarks */ = {
			isa = PBXNativeTarget;
			buildConfigurationList = 563427C52A665D580063296C /* Build configuration list for PBXNativeTarget "Landmarks" */;
			buildPhases = (
				563427B32A665D570063296C /* Sources */,
				563427B42A665D570063296C /* Frameworks */,
				563427B52A665D570063296C /* Resources */,
			);
			buildRules = (
			);
			dependencies = (
			);
			name = Landmarks;
			productName = Landmarks;
			productReference = 563427B72A665D570063296C /* Landmarks.app */;
			productType = "com.apple.product-type.application";
		};
/* End PBXNativeTarget section */

/* Begin PBXProject section */
		563427AF2A665D570063296C /* Project object */ = {
			isa = PBXProject;
			attributes = {
				BuildIndependentTargetsInParallel = 1;
				LastSwiftUpdateCheck = 1430;
				LastUpgradeCheck = 1430;
				TargetAttributes = {
					563427B62A665D570063296C = {
						CreatedOnToolsVersion = 14.3.1;
					};
				};
			};
			buildConfigurationList = 563427B22A665D570063296C /* Build configuration list for PBXProject "Landmarks" */;
			compatibilityVersion = "Xcode 14.0";
			developmentRegion = en;
			hasScannedForEncodings = 0;
			knownRegions = (
				en,
				Base,
			);
			mainGroup = 563427AE2A665D570063296C;
			productRefGroup = 563427B82A665D570063296C /* Products */;
			projectDirPath = "";
			projectRoot = "";
			targets = (
				563427B62A665D570063296C /* Landmarks */,
			);
		};
/* End PBXProject section */

/* Begin PBXResourcesBuildPhase section */
		563427B52A665D570063296C /* Resources */ = {
			isa = PBXResourcesBuildPhase;
			buildActionMask = 2147483647;
			files = (
				560250CE2A78A8CA00B5D2C5 /* hikeData.json in Resources */,
				563427C22A665D580063296C /* Preview Assets.xcassets in Resources */,
				563427BF2A665D580063296C /* Assets.xcassets in Resources */,
				563427D82A666A050063296C /* landmarkData.json in Resources */,
			);
			runOnlyForDeploymentPostprocessing = 0;
		};
/* End PBXResourcesBuildPhase section */

/* Begin PBXSourcesBuildPhase section */
		563427B32A665D570063296C /* Sources */ = {
			isa = PBXSourcesBuildPhase;
			buildActionMask = 2147483647;
			files = (
				563427BD2A665D570063296C /* ContentView.swift in Sources */,
				560250D72A78AC1000B5D2C5 /* HikeGraph.swift in Sources */,
				560250C82A76772200B5D2C5 /* Badge.swift in Sources */,
				563427CB2A6661390063296C /* MapView.swift in Sources */,
				560250D62A78AC1000B5D2C5 /* GraphCapsule.swift in Sources */,
				563427BB2A665D570063296C /* LandmarksApp.swift in Sources */,
				563427DE2A667FC40063296C /* FavoriteButton.swift in Sources */,
				560250D82A78AC1000B5D2C5 /* HikeDetail.swift in Sources */,
				560250C02A76681300B5D2C5 /* HexagonParameters.swift in Sources */,
				560250D02A78A9FB00B5D2C5 /* Hike.swift in Sources */,
				560250C62A76765F00B5D2C5 /* RotatedBadgeSymbol.swift in Sources */,
				560250C42A76739200B5D2C5 /* BadgeSymbol.swift in Sources */,
				563427DA2A666CF10063296C /* LandmarkList.swift in Sources */,
				560250D92A78AC1000B5D2C5 /* HikeView.swift in Sources */,
				563427DC2A666E900063296C /* LandmarkDetail.swift in Sources */,
				560250C22A766B2800B5D2C5 /* BadgeBackground.swift in Sources */,
				563427C92A6660880063296C /* CircleImage.swift in Sources */,
				563427CF2A6664250063296C /* Landmark.swift in Sources */,
				563427D62A6668AF0063296C /* LandmarkRow.swift in Sources */,
				563427D12A6665630063296C /* ModelData.swift in Sources */,
			);
			runOnlyForDeploymentPostprocessing = 0;
		};
/* End PBXSourcesBuildPhase section */

/* Begin XCBuildConfiguration section */
		563427C32A665D580063296C /* Debug */ = {
			isa = XCBuildConfiguration;
			buildSettings = {
				ALWAYS_SEARCH_USER_PATHS = NO;
				CLANG_ANALYZER_NONNULL = YES;
				CLANG_ANALYZER_NUMBER_OBJECT_CONVERSION = YES_AGGRESSIVE;
				CLANG_CXX_LANGUAGE_STANDARD = "gnu++20";
				CLANG_ENABLE_MODULES = YES;
				CLANG_ENABLE_OBJC_ARC = YES;
				CLANG_ENABLE_OBJC_WEAK = YES;
				CLANG_WARN_BLOCK_CAPTURE_AUTORELEASING = YES;
				CLANG_WARN_BOOL_CONVERSION = YES;
				CLANG_WARN_COMMA = YES;
				CLANG_WARN_CONSTANT_CONVERSION = YES;
				CLANG_WARN_DEPRECATED_OBJC_IMPLEMENTATIONS = YES;
				CLANG_WARN_DIRECT_OBJC_ISA_USAGE = YES_ERROR;
				CLANG_WARN_DOCUMENTATION_COMMENTS = YES;
				CLANG_WARN_EMPTY_BODY = YES;
				CLANG_WARN_ENUM_CONVERSION = YES;
				CLANG_WARN_INFINITE_RECURSION = YES;
				CLANG_WARN_INT_CONVERSION = YES;
				CLANG_WARN_NON_LITERAL_NULL_CONVERSION = YES;
				CLANG_WARN_OBJC_IMPLICIT_RETAIN_SELF = YES;
				CLANG_WARN_OBJC_LITERAL_CONVERSION = YES;
				CLANG_WARN_OBJC_ROOT_CLASS = YES_ERROR;
				CLANG_WARN_QUOTED_INCLUDE_IN_FRAMEWORK_HEADER = YES;
				CLANG_WARN_RANGE_LOOP_ANALYSIS = YES;
				CLANG_WARN_STRICT_PROTOTYPES = YES;
				CLANG_WARN_SUSPICIOUS_MOVE = YES;
				CLANG_WARN_UNGUARDED_AVAILABILITY = YES_AGGRESSIVE;
				CLANG_WARN_UNREACHABLE_CODE = YES;
				CLANG_WARN__DUPLICATE_METHOD_MATCH = YES;
				COPY_PHASE_STRIP = NO;
				DEBUG_INFORMATION_FORMAT = dwarf;
				ENABLE_STRICT_OBJC_MSGSEND = YES;
				ENABLE_TESTABILITY = YES;
				GCC_C_LANGUAGE_STANDARD = gnu11;
				GCC_DYNAMIC_NO_PIC = NO;
				GCC_NO_COMMON_BLOCKS = YES;
				GCC_OPTIMIZATION_LEVEL = 0;
				GCC_PREPROCESSOR_DEFINITIONS = (
					"DEBUG=1",
					"$(inherited)",
				);
				GCC_WARN_64_TO_32_BIT_CONVERSION = YES;
				GCC_WARN_ABOUT_RETURN_TYPE = YES_ERROR;
				GCC_WARN_UNDECLARED_SELECTOR = YES;
				GCC_WARN_UNINITIALIZED_AUTOS = YES_AGGRESSIVE;
				GCC_WARN_UNUSED_FUNCTION = YES;
				GCC_WARN_UNUSED_VARIABLE = YES;
				IPHONEOS_DEPLOYMENT_TARGET = 16.4;
				MTL_ENABLE_DEBUG_INFO = INCLUDE_SOURCE;
				MTL_FAST_MATH = YES;
				ONLY_ACTIVE_ARCH = YES;
				SDKROOT = iphoneos;
				SWIFT_ACTIVE_COMPILATION_CONDITIONS = DEBUG;
				SWIFT_OPTIMIZATION_LEVEL = "-Onone";
			};
			name = Debug;
		};
		563427C42A665D580063296C /* Release */ = {
			isa = XCBuildConfiguration;
			buildSettings = {
				ALWAYS_SEARCH_USER_PATHS = NO;
				CLANG_ANALYZER_NONNULL = YES;
				CLANG_ANALYZER_NUMBER_OBJECT_CONVERSION = YES_AGGRESSIVE;
				CLANG_CXX_LANGUAGE_STANDARD = "gnu++20";
				CLANG_ENABLE_MODULES = YES;
				CLANG_ENABLE_OBJC_ARC = YES;
				CLANG_ENABLE_OBJC_WEAK = YES;
				CLANG_WARN_BLOCK_CAPTURE_AUTORELEASING = YES;
				CLANG_WARN_BOOL_CONVERSION = YES;
				CLANG_WARN_COMMA = YES;
				CLANG_WARN_CONSTANT_CONVERSION = YES;
				CLANG_WARN_DEPRECATED_OBJC_IMPLEMENTATIONS = YES;
				CLANG_WARN_DIRECT_OBJC_ISA_USAGE = YES_ERROR;
				CLANG_WARN_DOCUMENTATION_COMMENTS = YES;
				CLANG_WARN_EMPTY_BODY = YES;
				CLANG_WARN_ENUM_CONVERSION = YES;
				CLANG_WARN_INFINITE_RECURSION = YES;
				CLANG_WARN_INT_CONVERSION = YES;
				CLANG_WARN_NON_LITERAL_NULL_CONVERSION = YES;
				CLANG_WARN_OBJC_IMPLICIT_RETAIN_SELF = YES;
				CLANG_WARN_OBJC_LITERAL_CONVERSION = YES;
				CLANG_WARN_OBJC_ROOT_CLASS = YES_ERROR;
				CLANG_WARN_QUOTED_INCLUDE_IN_FRAMEWORK_HEADER = YES;
				CLANG_WARN_RANGE_LOOP_ANALYSIS = YES;
				CLANG_WARN_STRICT_PROTOTYPES = YES;
				CLANG_WARN_SUSPICIOUS_MOVE = YES;
				CLANG_WARN_UNGUARDED_AVAILABILITY = YES_AGGRESSIVE;
				CLANG_WARN_UNREACHABLE_CODE = YES;
				CLANG_WARN__DUPLICATE_METHOD_MATCH = YES;
				COPY_PHASE_STRIP = NO;
				DEBUG_INFORMATION_FORMAT = "dwarf-with-dsym";
				ENABLE_NS_ASSERTIONS = NO;
				ENABLE_STRICT_OBJC_MSGSEND = YES;
				GCC_C_LANGUAGE_STANDARD = gnu11;
				GCC_NO_COMMON_BLOCKS = YES;
				GCC_WARN_64_TO_32_BIT_CONVERSION = YES;
				GCC_WARN_ABOUT_RETURN_TYPE = YES_ERROR;
				GCC_WARN_UNDECLARED_SELECTOR = YES;
				GCC_WARN_UNINITIALIZED_AUTOS = YES_AGGRESSIVE;
				GCC_WARN_UNUSED_FUNCTION = YES;
				GCC_WARN_UNUSED_VARIABLE = YES;
				IPHONEOS_DEPLOYMENT_TARGET = 16.4;
				MTL_ENABLE_DEBUG_INFO = NO;
				MTL_FAST_MATH = YES;
				SDKROOT = iphoneos;
				SWIFT_COMPILATION_MODE = wholemodule;
				SWIFT_OPTIMIZATION_LEVEL = "-O";
				VALIDATE_PRODUCT = YES;
			};
			name = Release;
		};
		563427C62A665D580063296C /* Debug */ = {
			isa = XCBuildConfiguration;
			buildSettings = {
				ASSETCATALOG_COMPILER_APPICON_NAME = AppIcon;
				ASSETCATALOG_COMPILER_GLOBAL_ACCENT_COLOR_NAME = AccentColor;
				CODE_SIGN_STYLE = Automatic;
				CURRENT_PROJECT_VERSION = 1;
				DEVELOPMENT_ASSET_PATHS = "\"Landmarks/Preview Content\"";
				DEVELOPMENT_TEAM = 9532X7FX5J;
				ENABLE_PREVIEWS = YES;
				GENERATE_INFOPLIST_FILE = YES;
				INFOPLIST_KEY_UIApplicationSceneManifest_Generation = YES;
				INFOPLIST_KEY_UIApplicationSupportsIndirectInputEvents = YES;
				INFOPLIST_KEY_UILaunchScreen_Generation = YES;
				INFOPLIST_KEY_UISupportedInterfaceOrientations_iPad = "UIInterfaceOrientationPortrait UIInterfaceOrientationPortraitUpsideDown UIInterfaceOrientationLandscapeLeft UIInterfaceOrientationLandscapeRight";
				INFOPLIST_KEY_UISupportedInterfaceOrientations_iPhone = "UIInterfaceOrientationPortrait UIInterfaceOrientationLandscapeLeft UIInterfaceOrientationLandscapeRight";
				LD_RUNPATH_SEARCH_PATHS = (
					"$(inherited)",
					"@executable_path/Frameworks",
				);
				MARKETING_VERSION = 1.0;
				PRODUCT_BUNDLE_IDENTIFIER = "com.sara-mccafferty.Landmarks";
				PRODUCT_NAME = "$(TARGET_NAME)";
				SWIFT_EMIT_LOC_STRINGS = YES;
				SWIFT_VERSION = 5.0;
				TARGETED_DEVICE_FAMILY = "1,2";
			};
			name = Debug;
		};
		563427C72A665D580063296C /* Release */ = {
			isa = XCBuildConfiguration;
			buildSettings = {
				ASSETCATALOG_COMPILER_APPICON_NAME = AppIcon;
				ASSETCATALOG_COMPILER_GLOBAL_ACCENT_COLOR_NAME = AccentColor;
				CODE_SIGN_STYLE = Automatic;
				CURRENT_PROJECT_VERSION = 1;
				DEVELOPMENT_ASSET_PATHS = "\"Landmarks/Preview Content\"";
				DEVELOPMENT_TEAM = 9532X7FX5J;
				ENABLE_PREVIEWS = YES;
				GENERATE_INFOPLIST_FILE = YES;
				INFOPLIST_KEY_UIApplicationSceneManifest_Generation = YES;
				INFOPLIST_KEY_UIApplicationSupportsIndirectInputEvents = YES;
				INFOPLIST_KEY_UILaunchScreen_Generation = YES;
				INFOPLIST_KEY_UISupportedInterfaceOrientations_iPad = "UIInterfaceOrientationPortrait UIInterfaceOrientationPortraitUpsideDown UIInterfaceOrientationLandscapeLeft UIInterfaceOrientationLandscapeRight";
				INFOPLIST_KEY_UISupportedInterfaceOrientations_iPhone = "UIInterfaceOrientationPortrait UIInterfaceOrientationLandscapeLeft UIInterfaceOrientationLandscapeRight";
				LD_RUNPATH_SEARCH_PATHS = (
					"$(inherited)",
					"@executable_path/Frameworks",
				);
				MARKETING_VERSION = 1.0;
				PRODUCT_BUNDLE_IDENTIFIER = "com.sara-mccafferty.Landmarks";
				PRODUCT_NAME = "$(TARGET_NAME)";
				SWIFT_EMIT_LOC_STRINGS = YES;
				SWIFT_VERSION = 5.0;
				TARGETED_DEVICE_FAMILY = "1,2";
			};
			name = Release;
		};
/* End XCBuildConfiguration section */

/* Begin XCConfigurationList section */
		563427B22A665D570063296C /* Build configuration list for PBXProject "Landmarks" */ = {
			isa = XCConfigurationList;
			buildConfigurations = (
				563427C32A665D580063296C /* Debug */,
				563427C42A665D580063296C /* Release */,
			);
			defaultConfigurationIsVisible = 0;
			defaultConfigurationName = Release;
		};
		563427C52A665D580063296C /* Build configuration list for PBXNativeTarget "Landmarks" */ = {
			isa = XCConfigurationList;
			buildConfigurations = (
				563427C62A665D580063296C /* Debug */,
				563427C72A665D580063296C /* Release */,
			);
			defaultConfigurationIsVisible = 0;
			defaultConfigurationName = Release;
		};
/* End XCConfigurationList section */
	};
	rootObject = 563427AF2A665D570063296C /* Project object */;
}
